Microsoft Visual Studio Solution File, Format Version 12.00
# Visual Studio Version 17
VisualStudioVersion = 17.5.2.0
MinimumVisualStudioVersion = 10.0.40219.1
Project("{2150E333-8FDC-42A3-9474-1A3956D46DE8}") = "csharp", "csharp", "{B41BF331-FCCB-2ADF-CDB6-767964B34647}"
EndProject
Project("{2150E333-8FDC-42A3-9474-1A3956D46DE8}") = "sorting", "sorting", "{511E9E30-8FF7-2184-644C-30AFAB2B10EE}"
EndProject
Project("{FAE04EC0-301F-11D3-BF4B-00C04F79EFBC}") = "quick", "csharp\sorting\quick\quick.csproj", "{6D577C22-4426-6FFC-37EF-3D92B3F00533}"
EndProject
Project("{FAE04EC0-301F-11D3-BF4B-00C04F79EFBC}") = "merge", "csharp\sorting\merge\merge.csproj", "{B8E62255-8524-4ACA-A4A0-2207C7192F9A}"
EndProject
Project("{FAE04EC0-301F-11D3-BF4B-00C04F79EFBC}") = "radix", "csharp\sorting\radix\radix.csproj", "{E8BBE812-EB35-48E6-A7C6-CE259E37EF4A}"
EndProject
Project("{2150E333-8FDC-42A3-9474-1A3956D46DE8}") = "stack", "stack", "{E5AB8811-4797-4462-AC74-022D15E22DAC}"
EndProject
Project("{FAE04EC0-301F-11D3-BF4B-00C04F79EFBC}") = "chapter20", "csharp\stack\chapter20\chapter20.csproj", "{64FC826C-0AFC-4BF4-B1B2-F7A1A62259F2}"
EndProject
Project("{FAE04EC0-301F-11D3-BF4B-00C04F79EFBC}") = "chapter21", "csharp\stack\chapter21\chapter21.csproj", "{381F2F41-4DFD-4259-A450-345B0C132B61}"
EndProject
Project("{FAE04EC0-301F-11D3-BF4B-00C04F79EFBC}") = "chapter22", "csharp\stack\chapter22\chapter22.csproj", "{37602D69-A5D8-4B8F-9B47-BCA44749F2BE}"
EndProject
Project("{2150E333-8FDC-42A3-9474-1A3956D46DE8}") = "hash", "hash", "{8E9C68E3-AEF9-4569-A216-04E11721EDB6}"
EndProject
Project("{FAE04EC0-301F-11D3-BF4B-00C04F79EFBC}") = "chapter30", "csharp\hash\chapter30\chapter30.csproj", "{59637B12-C22C-4E77-9039-B94E9E79F19D}"
EndProject
Project("{2150E333-8FDC-42A3-9474-1A3956D46DE8}") = "graph", "graph", "{0AD8A6AA-A115-4CCE-BBA4-7045DE8B737B}"
EndProject
Project("{FAE04EC0-301F-11D3-BF4B-00C04F79EFBC}") = "chapter32", "csharp\graph\chapter32\chapter32.csproj", "{C1A1AC39-DAE0-4D5A-B1BD-E718899B48A4}"
EndProject
Project("{FAE04EC0-301F-11D3-BF4B-00C04F79EFBC}") = "chapter33", "csharp\graph\chapter33\chapter33.csproj", "{FAF85E09-1FE4-4B98-ABC2-84340B27960A}"
EndProject
Project("{FAE04EC0-301F-11D3-BF4B-00C04F79EFBC}") = "chapter34", "csharp\graph\chapter34\chapter34.csproj", "{3A20B53A-A12F-4F98-9D6E-D937C267150B}"
EndProject
Global
	GlobalSection(SolutionConfigurationPlatforms) = preSolution
		Debug|Any CPU = Debug|Any CPU
		Release|Any CPU = Release|Any CPU
	EndGlobalSection
	GlobalSection(ProjectConfigurationPlatforms) = postSolution
		{6D577C22-4426-6FFC-37EF-3D92B3F00533}.Debug|Any CPU.ActiveCfg = Debug|Any CPU
		{6D577C22-4426-6FFC-37EF-3D92B3F00533}.Debug|Any CPU.Build.0 = Debug|Any CPU
		{6D577C22-4426-6FFC-37EF-3D92B3F00533}.Release|Any CPU.ActiveCfg = Release|Any CPU
		{6D577C22-4426-6FFC-37EF-3D92B3F00533}.Release|Any CPU.Build.0 = Release|Any CPU
		{B8E62255-8524-4ACA-A4A0-2207C7192F9A}.Debug|Any CPU.ActiveCfg = Debug|Any CPU
		{B8E62255-8524-4ACA-A4A0-2207C7192F9A}.Debug|Any CPU.Build.0 = Debug|Any CPU
		{B8E62255-8524-4ACA-A4A0-2207C7192F9A}.Release|Any CPU.ActiveCfg = Release|Any CPU
		{B8E62255-8524-4ACA-A4A0-2207C7192F9A}.Release|Any CPU.Build.0 = Release|Any CPU
		{E8BBE812-EB35-48E6-A7C6-CE259E37EF4A}.Debug|Any CPU.ActiveCfg = Debug|Any CPU
		{E8BBE812-EB35-48E6-A7C6-CE259E37EF4A}.Debug|Any CPU.Build.0 = Debug|Any CPU
		{E8BBE812-EB35-48E6-A7C6-CE259E37EF4A}.Release|Any CPU.ActiveCfg = Release|Any CPU
		{E8BBE812-EB35-48E6-A7C6-CE259E37EF4A}.Release|Any CPU.Build.0 = Release|Any CPU
		{64FC826C-0AFC-4BF4-B1B2-F7A1A62259F2}.Debug|Any CPU.ActiveCfg = Debug|Any CPU
		{64FC826C-0AFC-4BF4-B1B2-F7A1A62259F2}.Debug|Any CPU.Build.0 = Debug|Any CPU
		{64FC826C-0AFC-4BF4-B1B2-F7A1A62259F2}.Release|Any CPU.ActiveCfg = Release|Any CPU
		{64FC826C-0AFC-4BF4-B1B2-F7A1A62259F2}.Release|Any CPU.Build.0 = Release|Any CPU
		{381F2F41-4DFD-4259-A450-345B0C132B61}.Debug|Any CPU.ActiveCfg = Debug|Any CPU
		{381F2F41-4DFD-4259-A450-345B0C132B61}.Debug|Any CPU.Build.0 = Debug|Any CPU
		{381F2F41-4DFD-4259-A450-345B0C132B61}.Release|Any CPU.ActiveCfg = Release|Any CPU
		{381F2F41-4DFD-4259-A450-345B0C132B61}.Release|Any CPU.Build.0 = Release|Any CPU
		{37602D69-A5D8-4B8F-9B47-BCA44749F2BE}.Debug|Any CPU.ActiveCfg = Debug|Any CPU
		{37602D69-A5D8-4B8F-9B47-BCA44749F2BE}.Debug|Any CPU.Build.0 = Debug|Any CPU
		{37602D69-A5D8-4B8F-9B47-BCA44749F2BE}.Release|Any CPU.ActiveCfg = Release|Any CPU
		{37602D69-A5D8-4B8F-9B47-BCA44749F2BE}.Release|Any CPU.Build.0 = Release|Any CPU
		{59637B12-C22C-4E77-9039-B94E9E79F19D}.Debug|Any CPU.ActiveCfg = Debug|Any CPU
		{59637B12-C22C-4E77-9039-B94E9E79F19D}.Debug|Any CPU.Build.0 = Debug|Any CPU
		{59637B12-C22C-4E77-9039-B94E9E79F19D}.Release|Any CPU.ActiveCfg = Release|Any CPU
		{59637B12-C22C-4E77-9039-B94E9E79F19D}.Release|Any CPU.Build.0 = Release|Any CPU
		{51478F69-2FF3-4E21-978A-1619995DB136}.Debug|Any CPU.ActiveCfg = Debug|Any CPU
		{51478F69-2FF3-4E21-978A-1619995DB136}.Debug|Any CPU.Build.0 = Debug|Any CPU
		{51478F69-2FF3-4E21-978A-1619995DB136}.Release|Any CPU.ActiveCfg = Release|Any CPU
		{51478F69-2FF3-4E21-978A-1619995DB136}.Release|Any CPU.Build.0 = Release|Any CPU
		{C1A1AC39-DAE0-4D5A-B1BD-E718899B48A4}.Debug|Any CPU.ActiveCfg = Debug|Any CPU
		{C1A1AC39-DAE0-4D5A-B1BD-E718899B48A4}.Debug|Any CPU.Build.0 = Debug|Any CPU
		{C1A1AC39-DAE0-4D5A-B1BD-E718899B48A4}.Release|Any CPU.ActiveCfg = Release|Any CPU
		{C1A1AC39-DAE0-4D5A-B1BD-E718899B48A4}.Release|Any CPU.Build.0 = Release|Any CPU
		{FAF85E09-1FE4-4B98-ABC2-84340B27960A}.Debug|Any CPU.ActiveCfg = Debug|Any CPU
		{FAF85E09-1FE4-4B98-ABC2-84340B27960A}.Debug|Any CPU.Build.0 = Debug|Any CPU
		{FAF85E09-1FE4-4B98-ABC2-84340B27960A}.Release|Any CPU.ActiveCfg = Release|Any CPU
		{FAF85E09-1FE4-4B98-ABC2-84340B27960A}.Release|Any CPU.Build.0 = Release|Any CPU
		{3A20B53A-A12F-4F98-9D6E-D937C267150B}.Debug|Any CPU.ActiveCfg = Debug|Any CPU
		{3A20B53A-A12F-4F98-9D6E-D937C267150B}.Debug|Any CPU.Build.0 = Debug|Any CPU
		{3A20B53A-A12F-4F98-9D6E-D937C267150B}.Release|Any CPU.ActiveCfg = Release|Any CPU
		{3A20B53A-A12F-4F98-9D6E-D937C267150B}.Release|Any CPU.Build.0 = Release|Any CPU
	EndGlobalSection
	GlobalSection(SolutionProperties) = preSolution
		HideSolutionNode = FALSE
	EndGlobalSection
	GlobalSection(NestedProjects) = preSolution
		{511E9E30-8FF7-2184-644C-30AFAB2B10EE} = {B41BF331-FCCB-2ADF-CDB6-767964B34647}
		{6D577C22-4426-6FFC-37EF-3D92B3F00533} = {511E9E30-8FF7-2184-644C-30AFAB2B10EE}
		{B8E62255-8524-4ACA-A4A0-2207C7192F9A} = {511E9E30-8FF7-2184-644C-30AFAB2B10EE}
		{E8BBE812-EB35-48E6-A7C6-CE259E37EF4A} = {511E9E30-8FF7-2184-644C-30AFAB2B10EE}
		{E5AB8811-4797-4462-AC74-022D15E22DAC} = {B41BF331-FCCB-2ADF-CDB6-767964B34647}
		{64FC826C-0AFC-4BF4-B1B2-F7A1A62259F2} = {E5AB8811-4797-4462-AC74-022D15E22DAC}
		{381F2F41-4DFD-4259-A450-345B0C132B61} = {E5AB8811-4797-4462-AC74-022D15E22DAC}
		{37602D69-A5D8-4B8F-9B47-BCA44749F2BE} = {E5AB8811-4797-4462-AC74-022D15E22DAC}
		{8E9C68E3-AEF9-4569-A216-04E11721EDB6} = {B41BF331-FCCB-2ADF-CDB6-767964B34647}
		{59637B12-C22C-4E77-9039-B94E9E79F19D} = {8E9C68E3-AEF9-4569-A216-04E11721EDB6}
		{0AD8A6AA-A115-4CCE-BBA4-7045DE8B737B} = {B41BF331-FCCB-2ADF-CDB6-767964B34647}
		{51478F69-2FF3-4E21-978A-1619995DB136} = {0AD8A6AA-A115-4CCE-BBA4-7045DE8B737B}
		{C1A1AC39-DAE0-4D5A-B1BD-E718899B48A4} = {0AD8A6AA-A115-4CCE-BBA4-7045DE8B737B}
		{FAF85E09-1FE4-4B98-ABC2-84340B27960A} = {0AD8A6AA-A115-4CCE-BBA4-7045DE8B737B}
		{3A20B53A-A12F-4F98-9D6E-D937C267150B} = {0AD8A6AA-A115-4CCE-BBA4-7045DE8B737B}
	EndGlobalSection
	GlobalSection(ExtensibilityGlobals) = postSolution
		SolutionGuid = {84D5DAF7-83C1-408D-BE2D-EA6E2A0C860A}
	EndGlobalSection
EndGlobal
