Microsoft Visual Studio Solution File, Format Version 12.00
# Visual Studio Version 17
VisualStudioVersion = 17.5.2.0
MinimumVisualStudioVersion = 10.0.40219.1
Project("{2150E333-8FDC-42A3-9474-1A3956D46DE8}") = "csharp", "csharp", "{B41BF331-FCCB-2ADF-CDB6-767964B34647}"
EndProject
Project("{2150E333-8FDC-42A3-9474-1A3956D46DE8}") = "sorting", "sorting", "{511E9E30-8FF7-2184-644C-30AFAB2B10EE}"
EndProject
Project("{FAE04EC0-301F-11D3-BF4B-00C04F79EFBC}") = "quick", "csharp\sorting\quick\quick.csproj", "{6D577C22-4426-6FFC-37EF-3D92B3F00533}"
EndProject
Project("{FAE04EC0-301F-11D3-BF4B-00C04F79EFBC}") = "merge", "csharp\sorting\merge\merge.csproj", "{B8E62255-8524-4ACA-A4A0-2207C7192F9A}"
EndProject
Project("{FAE04EC0-301F-11D3-BF4B-00C04F79EFBC}") = "radix", "csharp\sorting\radix\radix.csproj", "{E8BBE812-EB35-48E6-A7C6-CE259E37EF4A}"
EndProject
Project("{2150E333-8FDC-42A3-9474-1A3956D46DE8}") = "stack", "stack", "{E5AB8811-4797-4462-AC74-022D15E22DAC}"
EndProject
Project("{FAE04EC0-301F-11D3-BF4B-00C04F79EFBC}") = "chapter20", "csharp\stack\chapter20\chapter20.csproj", "{64FC826C-0AFC-4BF4-B1B2-F7A1A62259F2}"
EndProject
Project("{FAE04EC0-301F-11D3-BF4B-00C04F79EFBC}") = "chapter21", "csharp\stack\chapter21\chapter21.csproj", "{381F2F41-4DFD-4259-A450-345B0C132B61}"
EndProject
Project("{FAE04EC0-301F-11D3-BF4B-00C04F79EFBC}") = "chapter22", "csharp\stack\chapter22\chapter22.csproj", "{37602D69-A5D8-4B8F-9B47-BCA44749F2BE}"
EndProject
Project("{2150E333-8FDC-42A3-9474-1A3956D46DE8}") = "hash", "hash", "{8E9C68E3-AEF9-4569-A216-04E11721EDB6}"
EndProject
Project("{FAE04EC0-301F-11D3-BF4B-00C04F79EFBC}") = "chapter30", "csharp\hash\chapter30\chapter30.csproj", "{59637B12-C22C-4E77-9039-B94E9E79F19D}"
EndProject
Project("{2150E333-8FDC-42A3-9474-1A3956D46DE8}") = "graph", "graph", "{0AD8A6AA-A115-4CCE-BBA4-7045DE8B737B}"
EndProject
Project("{FAE04EC0-301F-11D3-BF4B-00C04F79EFBC}") = "chapter32", "csharp\graph\chapter32\chapter32.csproj", "{C1A1AC39-DAE0-4D5A-B1BD-E718899B48A4}"
EndProject
Project("{FAE04EC0-301F-11D3-BF4B-00C04F79EFBC}") = "chapter33", "csharp\graph\chapter33\chapter33.csproj", "{FAF85E09-1FE4-4B98-ABC2-84340B27960A}"
EndProject
Project("{FAE04EC0-301F-11D3-BF4B-00C04F79EFBC}") = "chapter34", "csharp\graph\chapter34\chapter34.csproj", "{3A20B53A-A12F-4F98-9D6E-D937C267150B}"
EndProject
Project("{FAE04EC0-301F-11D3-BF4B-00C04F79EFBC}") = "chapter35", "csharp\graph\chapter35\chapter35.csproj", "{FCBDEBFD-3324-4EDC-80AA-E33C667DBA55}"
EndProject
Project("{FAE04EC0-301F-11D3-BF4B-00C04F79EFBC}") = "chapter36", "csharp\graph\chapter36\chapter36.csproj", "{B8815996-AF43-41F9-92F5-513D016867DE}"
EndProject
Project("{FAE04EC0-301F-11D3-BF4B-00C04F79EFBC}") = "chapter37", "csharp\graph\chapter37\chapter37.csproj", "{55824E3B-F407-4347-8DBB-100B5A61B3D7}"
EndProject
Project("{FAE04EC0-301F-11D3-BF4B-00C04F79EFBC}") = "chapter38", "csharp\graph\chapter38\chapter38.csproj", "{C0C0820D-07DD-40F5-B64A-2E31B9F8934D}"
EndProject
Project("{FAE04EC0-301F-11D3-BF4B-00C04F79EFBC}") = "chapter39", "csharp\graph\chapter39\chapter39.csproj", "{BA80E6F1-84F1-4CF0-AF91-2A5B9EE86889}"
EndProject
Project("{2150E333-8FDC-42A3-9474-1A3956D46DE8}") = "pathExplore", "pathExplore", "{F97DA2E7-8B1E-4E46-B30D-761CEE64C0E2}"
EndProject
Project("{FAE04EC0-301F-11D3-BF4B-00C04F79EFBC}") = "chapter40", "csharp\pathExplore\chapter40\chapter40.csproj", "{67F75801-541B-465E-9874-5126352F58FC}"
EndProject
Project("{FAE04EC0-301F-11D3-BF4B-00C04F79EFBC}") = "chapter41", "csharp\pathExplore\chapter41\chapter41.csproj", "{9CA8874B-A5EA-48AB-8C45-C917BE3AD6A7}"
EndProject
Project("{2150E333-8FDC-42A3-9474-1A3956D46DE8}") = "tree", "tree", "{D14094DC-D833-4EDB-B234-31250E105FF9}"
EndProject
Project("{FAE04EC0-301F-11D3-BF4B-00C04F79EFBC}") = "chapter42", "csharp\tree\chapter42\chapter42.csproj", "{446E61FD-62E3-455E-98D9-C5391DDE005B}"
EndProject
Project("{FAE04EC0-301F-11D3-BF4B-00C04F79EFBC}") = "utils", "csharp\utils\utils.csproj", "{6C26B104-2E4D-4AD8-BFE3-F0F3EFFC8939}"
EndProject
Project("{FAE04EC0-301F-11D3-BF4B-00C04F79EFBC}") = "chapter43", "csharp\tree\chapter43\chapter43.csproj", "{7A170C37-8D3E-419B-BA04-E860CF6B8D0D}"
EndProject
Project("{FAE04EC0-301F-11D3-BF4B-00C04F79EFBC}") = "chapter44", "csharp\tree\chapter44\chapter44.csproj", "{EEAB3067-EB7D-4685-B063-4D4EFDB829A0}"
EndProject
Project("{FAE04EC0-301F-11D3-BF4B-00C04F79EFBC}") = "chapter45", "csharp\tree\chapter45\chapter45.csproj", "{4E34A591-4C0B-47A5-B5F7-6848499BC68E}"
EndProject
Project("{FAE04EC0-301F-11D3-BF4B-00C04F79EFBC}") = "chapter46", "csharp\tree\chapter46\chapter46.csproj", "{827E0D51-0B0F-4F7C-AB5F-CE7B63A3D7D7}"
EndProject
Project("{FAE04EC0-301F-11D3-BF4B-00C04F79EFBC}") = "chapter47", "csharp\tree\chapter47\chapter47.csproj", "{1276A695-149D-4436-A0FD-0CDACF570BAC}"
EndProject
Project("{FAE04EC0-301F-11D3-BF4B-00C04F79EFBC}") = "chapter48", "csharp\tree\chapter48\chapter48.csproj", "{002FD9CB-5008-4DBE-97A3-6223A1426CAD}"
EndProject
Project("{2150E333-8FDC-42A3-9474-1A3956D46DE8}") = "bst", "bst", "{FAB469DE-E5F7-4460-8E06-60798AF827D4}"
EndProject
Project("{FAE04EC0-301F-11D3-BF4B-00C04F79EFBC}") = "chapter51", "csharp\bst\chapter51\chapter51.csproj", "{55F4FA1A-5341-4E03-92F8-147677C222A0}"
EndProject
Project("{FAE04EC0-301F-11D3-BF4B-00C04F79EFBC}") = "chapter52", "csharp\bst\chapter52\chapter52.csproj", "{3BB40A18-307A-42A8-B821-39C4ED491A58}"
EndProject
Global
	GlobalSection(SolutionConfigurationPlatforms) = preSolution
		Debug|Any CPU = Debug|Any CPU
		Release|Any CPU = Release|Any CPU
	EndGlobalSection
	GlobalSection(ProjectConfigurationPlatforms) = postSolution
		{6D577C22-4426-6FFC-37EF-3D92B3F00533}.Debug|Any CPU.ActiveCfg = Debug|Any CPU
		{6D577C22-4426-6FFC-37EF-3D92B3F00533}.Debug|Any CPU.Build.0 = Debug|Any CPU
		{6D577C22-4426-6FFC-37EF-3D92B3F00533}.Release|Any CPU.ActiveCfg = Release|Any CPU
		{6D577C22-4426-6FFC-37EF-3D92B3F00533}.Release|Any CPU.Build.0 = Release|Any CPU
		{B8E62255-8524-4ACA-A4A0-2207C7192F9A}.Debug|Any CPU.ActiveCfg = Debug|Any CPU
		{B8E62255-8524-4ACA-A4A0-2207C7192F9A}.Debug|Any CPU.Build.0 = Debug|Any CPU
		{B8E62255-8524-4ACA-A4A0-2207C7192F9A}.Release|Any CPU.ActiveCfg = Release|Any CPU
		{B8E62255-8524-4ACA-A4A0-2207C7192F9A}.Release|Any CPU.Build.0 = Release|Any CPU
		{E8BBE812-EB35-48E6-A7C6-CE259E37EF4A}.Debug|Any CPU.ActiveCfg = Debug|Any CPU
		{E8BBE812-EB35-48E6-A7C6-CE259E37EF4A}.Debug|Any CPU.Build.0 = Debug|Any CPU
		{E8BBE812-EB35-48E6-A7C6-CE259E37EF4A}.Release|Any CPU.ActiveCfg = Release|Any CPU
		{E8BBE812-EB35-48E6-A7C6-CE259E37EF4A}.Release|Any CPU.Build.0 = Release|Any CPU
		{64FC826C-0AFC-4BF4-B1B2-F7A1A62259F2}.Debug|Any CPU.ActiveCfg = Debug|Any CPU
		{64FC826C-0AFC-4BF4-B1B2-F7A1A62259F2}.Debug|Any CPU.Build.0 = Debug|Any CPU
		{64FC826C-0AFC-4BF4-B1B2-F7A1A62259F2}.Release|Any CPU.ActiveCfg = Release|Any CPU
		{64FC826C-0AFC-4BF4-B1B2-F7A1A62259F2}.Release|Any CPU.Build.0 = Release|Any CPU
		{381F2F41-4DFD-4259-A450-345B0C132B61}.Debug|Any CPU.ActiveCfg = Debug|Any CPU
		{381F2F41-4DFD-4259-A450-345B0C132B61}.Debug|Any CPU.Build.0 = Debug|Any CPU
		{381F2F41-4DFD-4259-A450-345B0C132B61}.Release|Any CPU.ActiveCfg = Release|Any CPU
		{381F2F41-4DFD-4259-A450-345B0C132B61}.Release|Any CPU.Build.0 = Release|Any CPU
		{37602D69-A5D8-4B8F-9B47-BCA44749F2BE}.Debug|Any CPU.ActiveCfg = Debug|Any CPU
		{37602D69-A5D8-4B8F-9B47-BCA44749F2BE}.Debug|Any CPU.Build.0 = Debug|Any CPU
		{37602D69-A5D8-4B8F-9B47-BCA44749F2BE}.Release|Any CPU.ActiveCfg = Release|Any CPU
		{37602D69-A5D8-4B8F-9B47-BCA44749F2BE}.Release|Any CPU.Build.0 = Release|Any CPU
		{59637B12-C22C-4E77-9039-B94E9E79F19D}.Debug|Any CPU.ActiveCfg = Debug|Any CPU
		{59637B12-C22C-4E77-9039-B94E9E79F19D}.Debug|Any CPU.Build.0 = Debug|Any CPU
		{59637B12-C22C-4E77-9039-B94E9E79F19D}.Release|Any CPU.ActiveCfg = Release|Any CPU
		{59637B12-C22C-4E77-9039-B94E9E79F19D}.Release|Any CPU.Build.0 = Release|Any CPU
		{51478F69-2FF3-4E21-978A-1619995DB136}.Debug|Any CPU.ActiveCfg = Debug|Any CPU
		{51478F69-2FF3-4E21-978A-1619995DB136}.Debug|Any CPU.Build.0 = Debug|Any CPU
		{51478F69-2FF3-4E21-978A-1619995DB136}.Release|Any CPU.ActiveCfg = Release|Any CPU
		{51478F69-2FF3-4E21-978A-1619995DB136}.Release|Any CPU.Build.0 = Release|Any CPU
		{C1A1AC39-DAE0-4D5A-B1BD-E718899B48A4}.Debug|Any CPU.ActiveCfg = Debug|Any CPU
		{C1A1AC39-DAE0-4D5A-B1BD-E718899B48A4}.Debug|Any CPU.Build.0 = Debug|Any CPU
		{C1A1AC39-DAE0-4D5A-B1BD-E718899B48A4}.Release|Any CPU.ActiveCfg = Release|Any CPU
		{C1A1AC39-DAE0-4D5A-B1BD-E718899B48A4}.Release|Any CPU.Build.0 = Release|Any CPU
		{FAF85E09-1FE4-4B98-ABC2-84340B27960A}.Debug|Any CPU.ActiveCfg = Debug|Any CPU
		{FAF85E09-1FE4-4B98-ABC2-84340B27960A}.Debug|Any CPU.Build.0 = Debug|Any CPU
		{FAF85E09-1FE4-4B98-ABC2-84340B27960A}.Release|Any CPU.ActiveCfg = Release|Any CPU
		{FAF85E09-1FE4-4B98-ABC2-84340B27960A}.Release|Any CPU.Build.0 = Release|Any CPU
		{3A20B53A-A12F-4F98-9D6E-D937C267150B}.Debug|Any CPU.ActiveCfg = Debug|Any CPU
		{3A20B53A-A12F-4F98-9D6E-D937C267150B}.Debug|Any CPU.Build.0 = Debug|Any CPU
		{3A20B53A-A12F-4F98-9D6E-D937C267150B}.Release|Any CPU.ActiveCfg = Release|Any CPU
		{3A20B53A-A12F-4F98-9D6E-D937C267150B}.Release|Any CPU.Build.0 = Release|Any CPU
		{FCBDEBFD-3324-4EDC-80AA-E33C667DBA55}.Debug|Any CPU.ActiveCfg = Debug|Any CPU
		{FCBDEBFD-3324-4EDC-80AA-E33C667DBA55}.Debug|Any CPU.Build.0 = Debug|Any CPU
		{FCBDEBFD-3324-4EDC-80AA-E33C667DBA55}.Release|Any CPU.ActiveCfg = Release|Any CPU
		{FCBDEBFD-3324-4EDC-80AA-E33C667DBA55}.Release|Any CPU.Build.0 = Release|Any CPU
		{B8815996-AF43-41F9-92F5-513D016867DE}.Debug|Any CPU.ActiveCfg = Debug|Any CPU
		{B8815996-AF43-41F9-92F5-513D016867DE}.Debug|Any CPU.Build.0 = Debug|Any CPU
		{B8815996-AF43-41F9-92F5-513D016867DE}.Release|Any CPU.ActiveCfg = Release|Any CPU
		{B8815996-AF43-41F9-92F5-513D016867DE}.Release|Any CPU.Build.0 = Release|Any CPU
		{55824E3B-F407-4347-8DBB-100B5A61B3D7}.Debug|Any CPU.ActiveCfg = Debug|Any CPU
		{55824E3B-F407-4347-8DBB-100B5A61B3D7}.Debug|Any CPU.Build.0 = Debug|Any CPU
		{55824E3B-F407-4347-8DBB-100B5A61B3D7}.Release|Any CPU.ActiveCfg = Release|Any CPU
		{55824E3B-F407-4347-8DBB-100B5A61B3D7}.Release|Any CPU.Build.0 = Release|Any CPU
		{C0C0820D-07DD-40F5-B64A-2E31B9F8934D}.Debug|Any CPU.ActiveCfg = Debug|Any CPU
		{C0C0820D-07DD-40F5-B64A-2E31B9F8934D}.Debug|Any CPU.Build.0 = Debug|Any CPU
		{C0C0820D-07DD-40F5-B64A-2E31B9F8934D}.Release|Any CPU.ActiveCfg = Release|Any CPU
		{C0C0820D-07DD-40F5-B64A-2E31B9F8934D}.Release|Any CPU.Build.0 = Release|Any CPU
		{BA80E6F1-84F1-4CF0-AF91-2A5B9EE86889}.Debug|Any CPU.ActiveCfg = Debug|Any CPU
		{BA80E6F1-84F1-4CF0-AF91-2A5B9EE86889}.Debug|Any CPU.Build.0 = Debug|Any CPU
		{BA80E6F1-84F1-4CF0-AF91-2A5B9EE86889}.Release|Any CPU.ActiveCfg = Release|Any CPU
		{BA80E6F1-84F1-4CF0-AF91-2A5B9EE86889}.Release|Any CPU.Build.0 = Release|Any CPU
		{67F75801-541B-465E-9874-5126352F58FC}.Debug|Any CPU.ActiveCfg = Debug|Any CPU
		{67F75801-541B-465E-9874-5126352F58FC}.Debug|Any CPU.Build.0 = Debug|Any CPU
		{67F75801-541B-465E-9874-5126352F58FC}.Release|Any CPU.ActiveCfg = Release|Any CPU
		{67F75801-541B-465E-9874-5126352F58FC}.Release|Any CPU.Build.0 = Release|Any CPU
		{9CA8874B-A5EA-48AB-8C45-C917BE3AD6A7}.Debug|Any CPU.ActiveCfg = Debug|Any CPU
		{9CA8874B-A5EA-48AB-8C45-C917BE3AD6A7}.Debug|Any CPU.Build.0 = Debug|Any CPU
		{9CA8874B-A5EA-48AB-8C45-C917BE3AD6A7}.Release|Any CPU.ActiveCfg = Release|Any CPU
		{9CA8874B-A5EA-48AB-8C45-C917BE3AD6A7}.Release|Any CPU.Build.0 = Release|Any CPU
		{446E61FD-62E3-455E-98D9-C5391DDE005B}.Debug|Any CPU.ActiveCfg = Debug|Any CPU
		{446E61FD-62E3-455E-98D9-C5391DDE005B}.Debug|Any CPU.Build.0 = Debug|Any CPU
		{446E61FD-62E3-455E-98D9-C5391DDE005B}.Release|Any CPU.ActiveCfg = Release|Any CPU
		{446E61FD-62E3-455E-98D9-C5391DDE005B}.Release|Any CPU.Build.0 = Release|Any CPU
		{6C26B104-2E4D-4AD8-BFE3-F0F3EFFC8939}.Debug|Any CPU.ActiveCfg = Debug|Any CPU
		{6C26B104-2E4D-4AD8-BFE3-F0F3EFFC8939}.Debug|Any CPU.Build.0 = Debug|Any CPU
		{6C26B104-2E4D-4AD8-BFE3-F0F3EFFC8939}.Release|Any CPU.ActiveCfg = Release|Any CPU
		{6C26B104-2E4D-4AD8-BFE3-F0F3EFFC8939}.Release|Any CPU.Build.0 = Release|Any CPU
		{7A170C37-8D3E-419B-BA04-E860CF6B8D0D}.Debug|Any CPU.ActiveCfg = Debug|Any CPU
		{7A170C37-8D3E-419B-BA04-E860CF6B8D0D}.Debug|Any CPU.Build.0 = Debug|Any CPU
		{7A170C37-8D3E-419B-BA04-E860CF6B8D0D}.Release|Any CPU.ActiveCfg = Release|Any CPU
		{7A170C37-8D3E-419B-BA04-E860CF6B8D0D}.Release|Any CPU.Build.0 = Release|Any CPU
		{EEAB3067-EB7D-4685-B063-4D4EFDB829A0}.Debug|Any CPU.ActiveCfg = Debug|Any CPU
		{EEAB3067-EB7D-4685-B063-4D4EFDB829A0}.Debug|Any CPU.Build.0 = Debug|Any CPU
		{EEAB3067-EB7D-4685-B063-4D4EFDB829A0}.Release|Any CPU.ActiveCfg = Release|Any CPU
		{EEAB3067-EB7D-4685-B063-4D4EFDB829A0}.Release|Any CPU.Build.0 = Release|Any CPU
		{4E34A591-4C0B-47A5-B5F7-6848499BC68E}.Debug|Any CPU.ActiveCfg = Debug|Any CPU
		{4E34A591-4C0B-47A5-B5F7-6848499BC68E}.Debug|Any CPU.Build.0 = Debug|Any CPU
		{4E34A591-4C0B-47A5-B5F7-6848499BC68E}.Release|Any CPU.ActiveCfg = Release|Any CPU
		{4E34A591-4C0B-47A5-B5F7-6848499BC68E}.Release|Any CPU.Build.0 = Release|Any CPU
		{827E0D51-0B0F-4F7C-AB5F-CE7B63A3D7D7}.Debug|Any CPU.ActiveCfg = Debug|Any CPU
		{827E0D51-0B0F-4F7C-AB5F-CE7B63A3D7D7}.Debug|Any CPU.Build.0 = Debug|Any CPU
		{827E0D51-0B0F-4F7C-AB5F-CE7B63A3D7D7}.Release|Any CPU.ActiveCfg = Release|Any CPU
		{827E0D51-0B0F-4F7C-AB5F-CE7B63A3D7D7}.Release|Any CPU.Build.0 = Release|Any CPU
		{1276A695-149D-4436-A0FD-0CDACF570BAC}.Debug|Any CPU.ActiveCfg = Debug|Any CPU
		{1276A695-149D-4436-A0FD-0CDACF570BAC}.Debug|Any CPU.Build.0 = Debug|Any CPU
		{1276A695-149D-4436-A0FD-0CDACF570BAC}.Release|Any CPU.ActiveCfg = Release|Any CPU
		{1276A695-149D-4436-A0FD-0CDACF570BAC}.Release|Any CPU.Build.0 = Release|Any CPU
		{002FD9CB-5008-4DBE-97A3-6223A1426CAD}.Debug|Any CPU.ActiveCfg = Debug|Any CPU
		{002FD9CB-5008-4DBE-97A3-6223A1426CAD}.Debug|Any CPU.Build.0 = Debug|Any CPU
		{002FD9CB-5008-4DBE-97A3-6223A1426CAD}.Release|Any CPU.ActiveCfg = Release|Any CPU
		{002FD9CB-5008-4DBE-97A3-6223A1426CAD}.Release|Any CPU.Build.0 = Release|Any CPU
		{55F4FA1A-5341-4E03-92F8-147677C222A0}.Debug|Any CPU.ActiveCfg = Debug|Any CPU
		{55F4FA1A-5341-4E03-92F8-147677C222A0}.Debug|Any CPU.Build.0 = Debug|Any CPU
		{55F4FA1A-5341-4E03-92F8-147677C222A0}.Release|Any CPU.ActiveCfg = Release|Any CPU
		{55F4FA1A-5341-4E03-92F8-147677C222A0}.Release|Any CPU.Build.0 = Release|Any CPU
		{3BB40A18-307A-42A8-B821-39C4ED491A58}.Debug|Any CPU.ActiveCfg = Debug|Any CPU
		{3BB40A18-307A-42A8-B821-39C4ED491A58}.Debug|Any CPU.Build.0 = Debug|Any CPU
		{3BB40A18-307A-42A8-B821-39C4ED491A58}.Release|Any CPU.ActiveCfg = Release|Any CPU
		{3BB40A18-307A-42A8-B821-39C4ED491A58}.Release|Any CPU.Build.0 = Release|Any CPU
	EndGlobalSection
	GlobalSection(SolutionProperties) = preSolution
		HideSolutionNode = FALSE
	EndGlobalSection
	GlobalSection(NestedProjects) = preSolution
		{511E9E30-8FF7-2184-644C-30AFAB2B10EE} = {B41BF331-FCCB-2ADF-CDB6-767964B34647}
		{6D577C22-4426-6FFC-37EF-3D92B3F00533} = {511E9E30-8FF7-2184-644C-30AFAB2B10EE}
		{B8E62255-8524-4ACA-A4A0-2207C7192F9A} = {511E9E30-8FF7-2184-644C-30AFAB2B10EE}
		{E8BBE812-EB35-48E6-A7C6-CE259E37EF4A} = {511E9E30-8FF7-2184-644C-30AFAB2B10EE}
		{E5AB8811-4797-4462-AC74-022D15E22DAC} = {B41BF331-FCCB-2ADF-CDB6-767964B34647}
		{64FC826C-0AFC-4BF4-B1B2-F7A1A62259F2} = {E5AB8811-4797-4462-AC74-022D15E22DAC}
		{381F2F41-4DFD-4259-A450-345B0C132B61} = {E5AB8811-4797-4462-AC74-022D15E22DAC}
		{37602D69-A5D8-4B8F-9B47-BCA44749F2BE} = {E5AB8811-4797-4462-AC74-022D15E22DAC}
		{8E9C68E3-AEF9-4569-A216-04E11721EDB6} = {B41BF331-FCCB-2ADF-CDB6-767964B34647}
		{59637B12-C22C-4E77-9039-B94E9E79F19D} = {8E9C68E3-AEF9-4569-A216-04E11721EDB6}
		{0AD8A6AA-A115-4CCE-BBA4-7045DE8B737B} = {B41BF331-FCCB-2ADF-CDB6-767964B34647}
		{51478F69-2FF3-4E21-978A-1619995DB136} = {0AD8A6AA-A115-4CCE-BBA4-7045DE8B737B}
		{C1A1AC39-DAE0-4D5A-B1BD-E718899B48A4} = {0AD8A6AA-A115-4CCE-BBA4-7045DE8B737B}
		{FAF85E09-1FE4-4B98-ABC2-84340B27960A} = {0AD8A6AA-A115-4CCE-BBA4-7045DE8B737B}
		{3A20B53A-A12F-4F98-9D6E-D937C267150B} = {0AD8A6AA-A115-4CCE-BBA4-7045DE8B737B}
		{FCBDEBFD-3324-4EDC-80AA-E33C667DBA55} = {0AD8A6AA-A115-4CCE-BBA4-7045DE8B737B}
		{B8815996-AF43-41F9-92F5-513D016867DE} = {0AD8A6AA-A115-4CCE-BBA4-7045DE8B737B}
		{55824E3B-F407-4347-8DBB-100B5A61B3D7} = {0AD8A6AA-A115-4CCE-BBA4-7045DE8B737B}
		{C0C0820D-07DD-40F5-B64A-2E31B9F8934D} = {0AD8A6AA-A115-4CCE-BBA4-7045DE8B737B}
		{BA80E6F1-84F1-4CF0-AF91-2A5B9EE86889} = {0AD8A6AA-A115-4CCE-BBA4-7045DE8B737B}
		{F97DA2E7-8B1E-4E46-B30D-761CEE64C0E2} = {B41BF331-FCCB-2ADF-CDB6-767964B34647}
		{67F75801-541B-465E-9874-5126352F58FC} = {F97DA2E7-8B1E-4E46-B30D-761CEE64C0E2}
		{9CA8874B-A5EA-48AB-8C45-C917BE3AD6A7} = {F97DA2E7-8B1E-4E46-B30D-761CEE64C0E2}
		{D14094DC-D833-4EDB-B234-31250E105FF9} = {B41BF331-FCCB-2ADF-CDB6-767964B34647}
		{446E61FD-62E3-455E-98D9-C5391DDE005B} = {D14094DC-D833-4EDB-B234-31250E105FF9}
		{6C26B104-2E4D-4AD8-BFE3-F0F3EFFC8939} = {B41BF331-FCCB-2ADF-CDB6-767964B34647}
		{7A170C37-8D3E-419B-BA04-E860CF6B8D0D} = {D14094DC-D833-4EDB-B234-31250E105FF9}
		{EEAB3067-EB7D-4685-B063-4D4EFDB829A0} = {D14094DC-D833-4EDB-B234-31250E105FF9}
		{4E34A591-4C0B-47A5-B5F7-6848499BC68E} = {D14094DC-D833-4EDB-B234-31250E105FF9}
		{827E0D51-0B0F-4F7C-AB5F-CE7B63A3D7D7} = {D14094DC-D833-4EDB-B234-31250E105FF9}
		{1276A695-149D-4436-A0FD-0CDACF570BAC} = {D14094DC-D833-4EDB-B234-31250E105FF9}
		{002FD9CB-5008-4DBE-97A3-6223A1426CAD} = {D14094DC-D833-4EDB-B234-31250E105FF9}
		{FAB469DE-E5F7-4460-8E06-60798AF827D4} = {B41BF331-FCCB-2ADF-CDB6-767964B34647}
		{55F4FA1A-5341-4E03-92F8-147677C222A0} = {FAB469DE-E5F7-4460-8E06-60798AF827D4}
		{3BB40A18-307A-42A8-B821-39C4ED491A58} = {FAB469DE-E5F7-4460-8E06-60798AF827D4}
	EndGlobalSection
	GlobalSection(ExtensibilityGlobals) = postSolution
		SolutionGuid = {84D5DAF7-83C1-408D-BE2D-EA6E2A0C860A}
	EndGlobalSection
EndGlobal
